
Microsoft Visual Studio Solution File, Format Version 12.00
# Visual Studio Version 17
VisualStudioVersion = 17.1.32328.378
MinimumVisualStudioVersion = 10.0.40219.1
Project("{54A90642-561A-4BB1-A94E-469ADEE60C69}") = "ApiSpaReactTemplate.Web", "ApiSpaReactTemplate.Web\ApiSpaReactTemplate.Web.esproj", "{F82074BB-C62E-4EC0-83FB-DEC1CB0B0BFF}"
EndProject
Project("{FAE04EC0-301F-11D3-BF4B-00C04F79EFBC}") = "ApiSpaReactTemplate.Api", "ApiSpaReactTemplate.Api\ApiSpaReactTemplate.Api.csproj", "{0D9C8745-29D2-421C-ABFA-295CC847374A}"
EndProject
Global
	GlobalSection(SolutionConfigurationPlatforms) = preSolution
		Debug|Any CPU = Debug|Any CPU
		Release|Any CPU = Release|Any CPU
	EndGlobalSection
	GlobalSection(ProjectConfigurationPlatforms) = postSolution
		{F82074BB-C62E-4EC0-83FB-DEC1CB0B0BFF}.Debug|Any CPU.ActiveCfg = Debug|Any CPU
		{F82074BB-C62E-4EC0-83FB-DEC1CB0B0BFF}.Debug|Any CPU.Build.0 = Debug|Any CPU
		{F82074BB-C62E-4EC0-83FB-DEC1CB0B0BFF}.Debug|Any CPU.Deploy.0 = Debug|Any CPU
		{F82074BB-C62E-4EC0-83FB-DEC1CB0B0BFF}.Release|Any CPU.ActiveCfg = Release|Any CPU
		{F82074BB-C62E-4EC0-83FB-DEC1CB0B0BFF}.Release|Any CPU.Build.0 = Release|Any CPU
		{F82074BB-C62E-4EC0-83FB-DEC1CB0B0BFF}.Release|Any CPU.Deploy.0 = Release|Any CPU
		{0D9C8745-29D2-421C-ABFA-295CC847374A}.Debug|Any CPU.ActiveCfg = Debug|Any CPU
		{0D9C8745-29D2-421C-ABFA-295CC847374A}.Debug|Any CPU.Build.0 = Debug|Any CPU
		{0D9C8745-29D2-421C-ABFA-295CC847374A}.Release|Any CPU.ActiveCfg = Release|Any CPU
		{0D9C8745-29D2-421C-ABFA-295CC847374A}.Release|Any CPU.Build.0 = Release|Any CPU
	EndGlobalSection
	GlobalSection(SolutionProperties) = preSolution
		HideSolutionNode = FALSE
	EndGlobalSection
	GlobalSection(ExtensibilityGlobals) = postSolution
		SolutionGuid = {89ADD31A-C226-4597-B8DC-1BC044A32E4F}
	EndGlobalSection
EndGlobal
